
Microsoft Visual Studio Solution File, Format Version 12.00
# Visual Studio 15
VisualStudioVersion = 15.0.26730.12
MinimumVisualStudioVersion = 10.0.40219.1
Project("{FAE04EC0-301F-11D3-BF4B-00C04F79EFBC}") = "Practica_5.Android", "Practica 5\Practica_5.Android\Practica_5.Android.csproj", "{CCFEFD4D-7677-4F8E-A491-903E43A2A525}"
EndProject
Project("{FAE04EC0-301F-11D3-BF4B-00C04F79EFBC}") = "Practica_5", "Practica 5\Practica_5\Practica_5.csproj", "{A697F7FD-2ECC-46E7-A273-8AB37E152CC2}"
EndProject
Project("{FAE04EC0-301F-11D3-BF4B-00C04F79EFBC}") = "Practica_5.UWP", "Practica 5\Practica_5.UWP\Practica_5.UWP.csproj", "{22F0E5AA-D9FC-4D1C-91C3-5A330730446D}"
EndProject
Project("{FAE04EC0-301F-11D3-BF4B-00C04F79EFBC}") = "Practica_5.iOS", "Practica 5\Practica_5.iOS\Practica_5.iOS.csproj", "{BC32AD31-B8CF-45BB-9465-4B8FADD7CC2E}"
EndProject
Global
	GlobalSection(SolutionConfigurationPlatforms) = preSolution
		Ad-Hoc|Any CPU = Ad-Hoc|Any CPU
		Ad-Hoc|ARM = Ad-Hoc|ARM
		Ad-Hoc|iPhone = Ad-Hoc|iPhone
		Ad-Hoc|iPhoneSimulator = Ad-Hoc|iPhoneSimulator
		Ad-Hoc|x64 = Ad-Hoc|x64
		Ad-Hoc|x86 = Ad-Hoc|x86
		AppStore|Any CPU = AppStore|Any CPU
		AppStore|ARM = AppStore|ARM
		AppStore|iPhone = AppStore|iPhone
		AppStore|iPhoneSimulator = AppStore|iPhoneSimulator
		AppStore|x64 = AppStore|x64
		AppStore|x86 = AppStore|x86
		Debug|Any CPU = Debug|Any CPU
		Debug|ARM = Debug|ARM
		Debug|iPhone = Debug|iPhone
		Debug|iPhoneSimulator = Debug|iPhoneSimulator
		Debug|x64 = Debug|x64
		Debug|x86 = Debug|x86
		Release|Any CPU = Release|Any CPU
		Release|ARM = Release|ARM
		Release|iPhone = Release|iPhone
		Release|iPhoneSimulator = Release|iPhoneSimulator
		Release|x64 = Release|x64
		Release|x86 = Release|x86
	EndGlobalSection
	GlobalSection(ProjectConfigurationPlatforms) = postSolution
		{CCFEFD4D-7677-4F8E-A491-903E43A2A525}.Ad-Hoc|Any CPU.ActiveCfg = Release|Any CPU
		{CCFEFD4D-7677-4F8E-A491-903E43A2A525}.Ad-Hoc|Any CPU.Build.0 = Release|Any CPU
		{CCFEFD4D-7677-4F8E-A491-903E43A2A525}.Ad-Hoc|Any CPU.Deploy.0 = Release|Any CPU
		{CCFEFD4D-7677-4F8E-A491-903E43A2A525}.Ad-Hoc|ARM.ActiveCfg = Release|Any CPU
		{CCFEFD4D-7677-4F8E-A491-903E43A2A525}.Ad-Hoc|ARM.Build.0 = Release|Any CPU
		{CCFEFD4D-7677-4F8E-A491-903E43A2A525}.Ad-Hoc|ARM.Deploy.0 = Release|Any CPU
		{CCFEFD4D-7677-4F8E-A491-903E43A2A525}.Ad-Hoc|iPhone.ActiveCfg = Release|Any CPU
		{CCFEFD4D-7677-4F8E-A491-903E43A2A525}.Ad-Hoc|iPhone.Build.0 = Release|Any CPU
		{CCFEFD4D-7677-4F8E-A491-903E43A2A525}.Ad-Hoc|iPhone.Deploy.0 = Release|Any CPU
		{CCFEFD4D-7677-4F8E-A491-903E43A2A525}.Ad-Hoc|iPhoneSimulator.ActiveCfg = Release|Any CPU
		{CCFEFD4D-7677-4F8E-A491-903E43A2A525}.Ad-Hoc|iPhoneSimulator.Build.0 = Release|Any CPU
		{CCFEFD4D-7677-4F8E-A491-903E43A2A525}.Ad-Hoc|iPhoneSimulator.Deploy.0 = Release|Any CPU
		{CCFEFD4D-7677-4F8E-A491-903E43A2A525}.Ad-Hoc|x64.ActiveCfg = Release|Any CPU
		{CCFEFD4D-7677-4F8E-A491-903E43A2A525}.Ad-Hoc|x64.Build.0 = Release|Any CPU
		{CCFEFD4D-7677-4F8E-A491-903E43A2A525}.Ad-Hoc|x64.Deploy.0 = Release|Any CPU
		{CCFEFD4D-7677-4F8E-A491-903E43A2A525}.Ad-Hoc|x86.ActiveCfg = Release|Any CPU
		{CCFEFD4D-7677-4F8E-A491-903E43A2A525}.Ad-Hoc|x86.Build.0 = Release|Any CPU
		{CCFEFD4D-7677-4F8E-A491-903E43A2A525}.Ad-Hoc|x86.Deploy.0 = Release|Any CPU
		{CCFEFD4D-7677-4F8E-A491-903E43A2A525}.AppStore|Any CPU.ActiveCfg = Release|Any CPU
		{CCFEFD4D-7677-4F8E-A491-903E43A2A525}.AppStore|Any CPU.Build.0 = Release|Any CPU
		{CCFEFD4D-7677-4F8E-A491-903E43A2A525}.AppStore|Any CPU.Deploy.0 = Release|Any CPU
		{CCFEFD4D-7677-4F8E-A491-903E43A2A525}.AppStore|ARM.ActiveCfg = Release|Any CPU
		{CCFEFD4D-7677-4F8E-A491-903E43A2A525}.AppStore|ARM.Build.0 = Release|Any CPU
		{CCFEFD4D-7677-4F8E-A491-903E43A2A525}.AppStore|ARM.Deploy.0 = Release|Any CPU
		{CCFEFD4D-7677-4F8E-A491-903E43A2A525}.AppStore|iPhone.ActiveCfg = Release|Any CPU
		{CCFEFD4D-7677-4F8E-A491-903E43A2A525}.AppStore|iPhone.Build.0 = Release|Any CPU
		{CCFEFD4D-7677-4F8E-A491-903E43A2A525}.AppStore|iPhone.Deploy.0 = Release|Any CPU
		{CCFEFD4D-7677-4F8E-A491-903E43A2A525}.AppStore|iPhoneSimulator.ActiveCfg = Release|Any CPU
		{CCFEFD4D-7677-4F8E-A491-903E43A2A525}.AppStore|iPhoneSimulator.Build.0 = Release|Any CPU
		{CCFEFD4D-7677-4F8E-A491-903E43A2A525}.AppStore|iPhoneSimulator.Deploy.0 = Release|Any CPU
		{CCFEFD4D-7677-4F8E-A491-903E43A2A525}.AppStore|x64.ActiveCfg = Release|Any CPU
		{CCFEFD4D-7677-4F8E-A491-903E43A2A525}.AppStore|x64.Build.0 = Release|Any CPU
		{CCFEFD4D-7677-4F8E-A491-903E43A2A525}.AppStore|x64.Deploy.0 = Release|Any CPU
		{CCFEFD4D-7677-4F8E-A491-903E43A2A525}.AppStore|x86.ActiveCfg = Release|Any CPU
		{CCFEFD4D-7677-4F8E-A491-903E43A2A525}.AppStore|x86.Build.0 = Release|Any CPU
		{CCFEFD4D-7677-4F8E-A491-903E43A2A525}.AppStore|x86.Deploy.0 = Release|Any CPU
		{CCFEFD4D-7677-4F8E-A491-903E43A2A525}.Debug|Any CPU.ActiveCfg = Debug|Any CPU
		{CCFEFD4D-7677-4F8E-A491-903E43A2A525}.Debug|Any CPU.Build.0 = Debug|Any CPU
		{CCFEFD4D-7677-4F8E-A491-903E43A2A525}.Debug|Any CPU.Deploy.0 = Debug|Any CPU
		{CCFEFD4D-7677-4F8E-A491-903E43A2A525}.Debug|ARM.ActiveCfg = Debug|Any CPU
		{CCFEFD4D-7677-4F8E-A491-903E43A2A525}.Debug|ARM.Build.0 = Debug|Any CPU
		{CCFEFD4D-7677-4F8E-A491-903E43A2A525}.Debug|ARM.Deploy.0 = Debug|Any CPU
		{CCFEFD4D-7677-4F8E-A491-903E43A2A525}.Debug|iPhone.ActiveCfg = Debug|Any CPU
		{CCFEFD4D-7677-4F8E-A491-903E43A2A525}.Debug|iPhone.Build.0 = Debug|Any CPU
		{CCFEFD4D-7677-4F8E-A491-903E43A2A525}.Debug|iPhone.Deploy.0 = Debug|Any CPU
		{CCFEFD4D-7677-4F8E-A491-903E43A2A525}.Debug|iPhoneSimulator.ActiveCfg = Debug|Any CPU
		{CCFEFD4D-7677-4F8E-A491-903E43A2A525}.Debug|iPhoneSimulator.Build.0 = Debug|Any CPU
		{CCFEFD4D-7677-4F8E-A491-903E43A2A525}.Debug|iPhoneSimulator.Deploy.0 = Debug|Any CPU
		{CCFEFD4D-7677-4F8E-A491-903E43A2A525}.Debug|x64.ActiveCfg = Debug|Any CPU
		{CCFEFD4D-7677-4F8E-A491-903E43A2A525}.Debug|x64.Build.0 = Debug|Any CPU
		{CCFEFD4D-7677-4F8E-A491-903E43A2A525}.Debug|x64.Deploy.0 = Debug|Any CPU
		{CCFEFD4D-7677-4F8E-A491-903E43A2A525}.Debug|x86.ActiveCfg = Debug|Any CPU
		{CCFEFD4D-7677-4F8E-A491-903E43A2A525}.Debug|x86.Build.0 = Debug|Any CPU
		{CCFEFD4D-7677-4F8E-A491-903E43A2A525}.Debug|x86.Deploy.0 = Debug|Any CPU
		{CCFEFD4D-7677-4F8E-A491-903E43A2A525}.Release|Any CPU.ActiveCfg = Release|Any CPU
		{CCFEFD4D-7677-4F8E-A491-903E43A2A525}.Release|Any CPU.Build.0 = Release|Any CPU
		{CCFEFD4D-7677-4F8E-A491-903E43A2A525}.Release|Any CPU.Deploy.0 = Release|Any CPU
		{CCFEFD4D-7677-4F8E-A491-903E43A2A525}.Release|ARM.ActiveCfg = Release|Any CPU
		{CCFEFD4D-7677-4F8E-A491-903E43A2A525}.Release|ARM.Build.0 = Release|Any CPU
		{CCFEFD4D-7677-4F8E-A491-903E43A2A525}.Release|ARM.Deploy.0 = Release|Any CPU
		{CCFEFD4D-7677-4F8E-A491-903E43A2A525}.Release|iPhone.ActiveCfg = Release|Any CPU
		{CCFEFD4D-7677-4F8E-A491-903E43A2A525}.Release|iPhone.Build.0 = Release|Any CPU
		{CCFEFD4D-7677-4F8E-A491-903E43A2A525}.Release|iPhone.Deploy.0 = Release|Any CPU
		{CCFEFD4D-7677-4F8E-A491-903E43A2A525}.Release|iPhoneSimulator.ActiveCfg = Release|Any CPU
		{CCFEFD4D-7677-4F8E-A491-903E43A2A525}.Release|iPhoneSimulator.Build.0 = Release|Any CPU
		{CCFEFD4D-7677-4F8E-A491-903E43A2A525}.Release|iPhoneSimulator.Deploy.0 = Release|Any CPU
		{CCFEFD4D-7677-4F8E-A491-903E43A2A525}.Release|x64.ActiveCfg = Release|Any CPU
		{CCFEFD4D-7677-4F8E-A491-903E43A2A525}.Release|x64.Build.0 = Release|Any CPU
		{CCFEFD4D-7677-4F8E-A491-903E43A2A525}.Release|x64.Deploy.0 = Release|Any CPU
		{CCFEFD4D-7677-4F8E-A491-903E43A2A525}.Release|x86.ActiveCfg = Release|Any CPU
		{CCFEFD4D-7677-4F8E-A491-903E43A2A525}.Release|x86.Build.0 = Release|Any CPU
		{CCFEFD4D-7677-4F8E-A491-903E43A2A525}.Release|x86.Deploy.0 = Release|Any CPU
		{A697F7FD-2ECC-46E7-A273-8AB37E152CC2}.Ad-Hoc|Any CPU.ActiveCfg = Release|Any CPU
		{A697F7FD-2ECC-46E7-A273-8AB37E152CC2}.Ad-Hoc|Any CPU.Build.0 = Release|Any CPU
		{A697F7FD-2ECC-46E7-A273-8AB37E152CC2}.Ad-Hoc|ARM.ActiveCfg = Release|Any CPU
		{A697F7FD-2ECC-46E7-A273-8AB37E152CC2}.Ad-Hoc|ARM.Build.0 = Release|Any CPU
		{A697F7FD-2ECC-46E7-A273-8AB37E152CC2}.Ad-Hoc|iPhone.ActiveCfg = Release|Any CPU
		{A697F7FD-2ECC-46E7-A273-8AB37E152CC2}.Ad-Hoc|iPhone.Build.0 = Release|Any CPU
		{A697F7FD-2ECC-46E7-A273-8AB37E152CC2}.Ad-Hoc|iPhoneSimulator.ActiveCfg = Release|Any CPU
		{A697F7FD-2ECC-46E7-A273-8AB37E152CC2}.Ad-Hoc|iPhoneSimulator.Build.0 = Release|Any CPU
		{A697F7FD-2ECC-46E7-A273-8AB37E152CC2}.Ad-Hoc|x64.ActiveCfg = Release|Any CPU
		{A697F7FD-2ECC-46E7-A273-8AB37E152CC2}.Ad-Hoc|x64.Build.0 = Release|Any CPU
		{A697F7FD-2ECC-46E7-A273-8AB37E152CC2}.Ad-Hoc|x86.ActiveCfg = Release|Any CPU
		{A697F7FD-2ECC-46E7-A273-8AB37E152CC2}.Ad-Hoc|x86.Build.0 = Release|Any CPU
		{A697F7FD-2ECC-46E7-A273-8AB37E152CC2}.AppStore|Any CPU.ActiveCfg = Release|Any CPU
		{A697F7FD-2ECC-46E7-A273-8AB37E152CC2}.AppStore|Any CPU.Build.0 = Release|Any CPU
		{A697F7FD-2ECC-46E7-A273-8AB37E152CC2}.AppStore|ARM.ActiveCfg = Release|Any CPU
		{A697F7FD-2ECC-46E7-A273-8AB37E152CC2}.AppStore|ARM.Build.0 = Release|Any CPU
		{A697F7FD-2ECC-46E7-A273-8AB37E152CC2}.AppStore|iPhone.ActiveCfg = Release|Any CPU
		{A697F7FD-2ECC-46E7-A273-8AB37E152CC2}.AppStore|iPhone.Build.0 = Release|Any CPU
		{A697F7FD-2ECC-46E7-A273-8AB37E152CC2}.AppStore|iPhoneSimulator.ActiveCfg = Release|Any CPU
		{A697F7FD-2ECC-46E7-A273-8AB37E152CC2}.AppStore|iPhoneSimulator.Build.0 = Release|Any CPU
		{A697F7FD-2ECC-46E7-A273-8AB37E152CC2}.AppStore|x64.ActiveCfg = Release|Any CPU
		{A697F7FD-2ECC-46E7-A273-8AB37E152CC2}.AppStore|x64.Build.0 = Release|Any CPU
		{A697F7FD-2ECC-46E7-A273-8AB37E152CC2}.AppStore|x86.ActiveCfg = Release|Any CPU
		{A697F7FD-2ECC-46E7-A273-8AB37E152CC2}.AppStore|x86.Build.0 = Release|Any CPU
		{A697F7FD-2ECC-46E7-A273-8AB37E152CC2}.Debug|Any CPU.ActiveCfg = Debug|Any CPU
		{A697F7FD-2ECC-46E7-A273-8AB37E152CC2}.Debug|Any CPU.Build.0 = Debug|Any CPU
		{A697F7FD-2ECC-46E7-A273-8AB37E152CC2}.Debug|ARM.ActiveCfg = Debug|Any CPU
		{A697F7FD-2ECC-46E7-A273-8AB37E152CC2}.Debug|ARM.Build.0 = Debug|Any CPU
		{A697F7FD-2ECC-46E7-A273-8AB37E152CC2}.Debug|iPhone.ActiveCfg = Debug|Any CPU
		{A697F7FD-2ECC-46E7-A273-8AB37E152CC2}.Debug|iPhone.Build.0 = Debug|Any CPU
		{A697F7FD-2ECC-46E7-A273-8AB37E152CC2}.Debug|iPhoneSimulator.ActiveCfg = Debug|Any CPU
		{A697F7FD-2ECC-46E7-A273-8AB37E152CC2}.Debug|iPhoneSimulator.Build.0 = Debug|Any CPU
		{A697F7FD-2ECC-46E7-A273-8AB37E152CC2}.Debug|x64.ActiveCfg = Debug|Any CPU
		{A697F7FD-2ECC-46E7-A273-8AB37E152CC2}.Debug|x64.Build.0 = Debug|Any CPU
		{A697F7FD-2ECC-46E7-A273-8AB37E152CC2}.Debug|x86.ActiveCfg = Debug|Any CPU
		{A697F7FD-2ECC-46E7-A273-8AB37E152CC2}.Debug|x86.Build.0 = Debug|Any CPU
		{A697F7FD-2ECC-46E7-A273-8AB37E152CC2}.Release|Any CPU.ActiveCfg = Release|Any CPU
		{A697F7FD-2ECC-46E7-A273-8AB37E152CC2}.Release|Any CPU.Build.0 = Release|Any CPU
		{A697F7FD-2ECC-46E7-A273-8AB37E152CC2}.Release|ARM.ActiveCfg = Release|Any CPU
		{A697F7FD-2ECC-46E7-A273-8AB37E152CC2}.Release|ARM.Build.0 = Release|Any CPU
		{A697F7FD-2ECC-46E7-A273-8AB37E152CC2}.Release|iPhone.ActiveCfg = Release|Any CPU
		{A697F7FD-2ECC-46E7-A273-8AB37E152CC2}.Release|iPhone.Build.0 = Release|Any CPU
		{A697F7FD-2ECC-46E7-A273-8AB37E152CC2}.Release|iPhoneSimulator.ActiveCfg = Release|Any CPU
		{A697F7FD-2ECC-46E7-A273-8AB37E152CC2}.Release|iPhoneSimulator.Build.0 = Release|Any CPU
		{A697F7FD-2ECC-46E7-A273-8AB37E152CC2}.Release|x64.ActiveCfg = Release|Any CPU
		{A697F7FD-2ECC-46E7-A273-8AB37E152CC2}.Release|x64.Build.0 = Release|Any CPU
		{A697F7FD-2ECC-46E7-A273-8AB37E152CC2}.Release|x86.ActiveCfg = Release|Any CPU
		{A697F7FD-2ECC-46E7-A273-8AB37E152CC2}.Release|x86.Build.0 = Release|Any CPU
		{22F0E5AA-D9FC-4D1C-91C3-5A330730446D}.Ad-Hoc|Any CPU.ActiveCfg = Release|x86
		{22F0E5AA-D9FC-4D1C-91C3-5A330730446D}.Ad-Hoc|Any CPU.Build.0 = Release|x86
		{22F0E5AA-D9FC-4D1C-91C3-5A330730446D}.Ad-Hoc|Any CPU.Deploy.0 = Release|x86
		{22F0E5AA-D9FC-4D1C-91C3-5A330730446D}.Ad-Hoc|ARM.ActiveCfg = Release|ARM
		{22F0E5AA-D9FC-4D1C-91C3-5A330730446D}.Ad-Hoc|ARM.Build.0 = Release|ARM
		{22F0E5AA-D9FC-4D1C-91C3-5A330730446D}.Ad-Hoc|ARM.Deploy.0 = Release|ARM
		{22F0E5AA-D9FC-4D1C-91C3-5A330730446D}.Ad-Hoc|iPhone.ActiveCfg = Release|x86
		{22F0E5AA-D9FC-4D1C-91C3-5A330730446D}.Ad-Hoc|iPhone.Build.0 = Release|x86
		{22F0E5AA-D9FC-4D1C-91C3-5A330730446D}.Ad-Hoc|iPhone.Deploy.0 = Release|x86
		{22F0E5AA-D9FC-4D1C-91C3-5A330730446D}.Ad-Hoc|iPhoneSimulator.ActiveCfg = Release|x86
		{22F0E5AA-D9FC-4D1C-91C3-5A330730446D}.Ad-Hoc|iPhoneSimulator.Build.0 = Release|x86
		{22F0E5AA-D9FC-4D1C-91C3-5A330730446D}.Ad-Hoc|iPhoneSimulator.Deploy.0 = Release|x86
		{22F0E5AA-D9FC-4D1C-91C3-5A330730446D}.Ad-Hoc|x64.ActiveCfg = Release|x64
		{22F0E5AA-D9FC-4D1C-91C3-5A330730446D}.Ad-Hoc|x64.Build.0 = Release|x64
		{22F0E5AA-D9FC-4D1C-91C3-5A330730446D}.Ad-Hoc|x64.Deploy.0 = Release|x64
		{22F0E5AA-D9FC-4D1C-91C3-5A330730446D}.Ad-Hoc|x86.ActiveCfg = Release|x86
		{22F0E5AA-D9FC-4D1C-91C3-5A330730446D}.Ad-Hoc|x86.Build.0 = Release|x86
		{22F0E5AA-D9FC-4D1C-91C3-5A330730446D}.Ad-Hoc|x86.Deploy.0 = Release|x86
		{22F0E5AA-D9FC-4D1C-91C3-5A330730446D}.AppStore|Any CPU.ActiveCfg = Release|x86
		{22F0E5AA-D9FC-4D1C-91C3-5A330730446D}.AppStore|Any CPU.Build.0 = Release|x86
		{22F0E5AA-D9FC-4D1C-91C3-5A330730446D}.AppStore|Any CPU.Deploy.0 = Release|x86
		{22F0E5AA-D9FC-4D1C-91C3-5A330730446D}.AppStore|ARM.ActiveCfg = Release|ARM
		{22F0E5AA-D9FC-4D1C-91C3-5A330730446D}.AppStore|ARM.Build.0 = Release|ARM
		{22F0E5AA-D9FC-4D1C-91C3-5A330730446D}.AppStore|ARM.Deploy.0 = Release|ARM
		{22F0E5AA-D9FC-4D1C-91C3-5A330730446D}.AppStore|iPhone.ActiveCfg = Release|x86
		{22F0E5AA-D9FC-4D1C-91C3-5A330730446D}.AppStore|iPhone.Build.0 = Release|x86
		{22F0E5AA-D9FC-4D1C-91C3-5A330730446D}.AppStore|iPhone.Deploy.0 = Release|x86
		{22F0E5AA-D9FC-4D1C-91C3-5A330730446D}.AppStore|iPhoneSimulator.ActiveCfg = Release|x86
		{22F0E5AA-D9FC-4D1C-91C3-5A330730446D}.AppStore|iPhoneSimulator.Build.0 = Release|x86
		{22F0E5AA-D9FC-4D1C-91C3-5A330730446D}.AppStore|iPhoneSimulator.Deploy.0 = Release|x86
		{22F0E5AA-D9FC-4D1C-91C3-5A330730446D}.AppStore|x64.ActiveCfg = Release|x64
		{22F0E5AA-D9FC-4D1C-91C3-5A330730446D}.AppStore|x64.Build.0 = Release|x64
		{22F0E5AA-D9FC-4D1C-91C3-5A330730446D}.AppStore|x64.Deploy.0 = Release|x64
		{22F0E5AA-D9FC-4D1C-91C3-5A330730446D}.AppStore|x86.ActiveCfg = Release|x86
		{22F0E5AA-D9FC-4D1C-91C3-5A330730446D}.AppStore|x86.Build.0 = Release|x86
		{22F0E5AA-D9FC-4D1C-91C3-5A330730446D}.AppStore|x86.Deploy.0 = Release|x86
		{22F0E5AA-D9FC-4D1C-91C3-5A330730446D}.Debug|Any CPU.ActiveCfg = Debug|x86
		{22F0E5AA-D9FC-4D1C-91C3-5A330730446D}.Debug|ARM.ActiveCfg = Debug|ARM
		{22F0E5AA-D9FC-4D1C-91C3-5A330730446D}.Debug|ARM.Build.0 = Debug|ARM
		{22F0E5AA-D9FC-4D1C-91C3-5A330730446D}.Debug|ARM.Deploy.0 = Debug|ARM
		{22F0E5AA-D9FC-4D1C-91C3-5A330730446D}.Debug|iPhone.ActiveCfg = Debug|x86
		{22F0E5AA-D9FC-4D1C-91C3-5A330730446D}.Debug|iPhoneSimulator.ActiveCfg = Debug|x86
		{22F0E5AA-D9FC-4D1C-91C3-5A330730446D}.Debug|x64.ActiveCfg = Debug|x64
		{22F0E5AA-D9FC-4D1C-91C3-5A330730446D}.Debug|x64.Build.0 = Debug|x64
		{22F0E5AA-D9FC-4D1C-91C3-5A330730446D}.Debug|x64.Deploy.0 = Debug|x64
		{22F0E5AA-D9FC-4D1C-91C3-5A330730446D}.Debug|x86.ActiveCfg = Debug|x86
		{22F0E5AA-D9FC-4D1C-91C3-5A330730446D}.Debug|x86.Build.0 = Debug|x86
		{22F0E5AA-D9FC-4D1C-91C3-5A330730446D}.Debug|x86.Deploy.0 = Debug|x86
		{22F0E5AA-D9FC-4D1C-91C3-5A330730446D}.Release|Any CPU.ActiveCfg = Release|x86
		{22F0E5AA-D9FC-4D1C-91C3-5A330730446D}.Release|ARM.ActiveCfg = Release|ARM
		{22F0E5AA-D9FC-4D1C-91C3-5A330730446D}.Release|ARM.Build.0 = Release|ARM
		{22F0E5AA-D9FC-4D1C-91C3-5A330730446D}.Release|ARM.Deploy.0 = Release|ARM
		{22F0E5AA-D9FC-4D1C-91C3-5A330730446D}.Release|iPhone.ActiveCfg = Release|x86
		{22F0E5AA-D9FC-4D1C-91C3-5A330730446D}.Release|iPhoneSimulator.ActiveCfg = Release|x86
		{22F0E5AA-D9FC-4D1C-91C3-5A330730446D}.Release|x64.ActiveCfg = Release|x64
		{22F0E5AA-D9FC-4D1C-91C3-5A330730446D}.Release|x64.Build.0 = Release|x64
		{22F0E5AA-D9FC-4D1C-91C3-5A330730446D}.Release|x64.Deploy.0 = Release|x64
		{22F0E5AA-D9FC-4D1C-91C3-5A330730446D}.Release|x86.ActiveCfg = Release|x86
		{22F0E5AA-D9FC-4D1C-91C3-5A330730446D}.Release|x86.Build.0 = Release|x86
		{22F0E5AA-D9FC-4D1C-91C3-5A330730446D}.Release|x86.Deploy.0 = Release|x86
		{BC32AD31-B8CF-45BB-9465-4B8FADD7CC2E}.Ad-Hoc|Any CPU.ActiveCfg = Ad-Hoc|iPhone
		{BC32AD31-B8CF-45BB-9465-4B8FADD7CC2E}.Ad-Hoc|ARM.ActiveCfg = Ad-Hoc|iPhone
		{BC32AD31-B8CF-45BB-9465-4B8FADD7CC2E}.Ad-Hoc|iPhone.ActiveCfg = Ad-Hoc|iPhone
		{BC32AD31-B8CF-45BB-9465-4B8FADD7CC2E}.Ad-Hoc|iPhone.Build.0 = Ad-Hoc|iPhone
		{BC32AD31-B8CF-45BB-9465-4B8FADD7CC2E}.Ad-Hoc|iPhoneSimulator.ActiveCfg = Ad-Hoc|iPhoneSimulator
		{BC32AD31-B8CF-45BB-9465-4B8FADD7CC2E}.Ad-Hoc|iPhoneSimulator.Build.0 = Ad-Hoc|iPhoneSimulator
		{BC32AD31-B8CF-45BB-9465-4B8FADD7CC2E}.Ad-Hoc|x64.ActiveCfg = Ad-Hoc|iPhone
		{BC32AD31-B8CF-45BB-9465-4B8FADD7CC2E}.Ad-Hoc|x86.ActiveCfg = Ad-Hoc|iPhone
		{BC32AD31-B8CF-45BB-9465-4B8FADD7CC2E}.AppStore|Any CPU.ActiveCfg = AppStore|iPhone
		{BC32AD31-B8CF-45BB-9465-4B8FADD7CC2E}.AppStore|ARM.ActiveCfg = AppStore|iPhone
		{BC32AD31-B8CF-45BB-9465-4B8FADD7CC2E}.AppStore|iPhone.ActiveCfg = AppStore|iPhone
		{BC32AD31-B8CF-45BB-9465-4B8FADD7CC2E}.AppStore|iPhone.Build.0 = AppStore|iPhone
		{BC32AD31-B8CF-45BB-9465-4B8FADD7CC2E}.AppStore|iPhoneSimulator.ActiveCfg = AppStore|iPhoneSimulator
		{BC32AD31-B8CF-45BB-9465-4B8FADD7CC2E}.AppStore|iPhoneSimulator.Build.0 = AppStore|iPhoneSimulator
		{BC32AD31-B8CF-45BB-9465-4B8FADD7CC2E}.AppStore|x64.ActiveCfg = AppStore|iPhone
		{BC32AD31-B8CF-45BB-9465-4B8FADD7CC2E}.AppStore|x86.ActiveCfg = AppStore|iPhone
		{BC32AD31-B8CF-45BB-9465-4B8FADD7CC2E}.Debug|Any CPU.ActiveCfg = Debug|iPhone
		{BC32AD31-B8CF-45BB-9465-4B8FADD7CC2E}.Debug|ARM.ActiveCfg = Debug|iPhone
		{BC32AD31-B8CF-45BB-9465-4B8FADD7CC2E}.Debug|iPhone.ActiveCfg = Debug|iPhone
		{BC32AD31-B8CF-45BB-9465-4B8FADD7CC2E}.Debug|iPhone.Build.0 = Debug|iPhone
		{BC32AD31-B8CF-45BB-9465-4B8FADD7CC2E}.Debug|iPhoneSimulator.ActiveCfg = Debug|iPhoneSimulator
		{BC32AD31-B8CF-45BB-9465-4B8FADD7CC2E}.Debug|iPhoneSimulator.Build.0 = Debug|iPhoneSimulator
		{BC32AD31-B8CF-45BB-9465-4B8FADD7CC2E}.Debug|x64.ActiveCfg = Debug|iPhone
		{BC32AD31-B8CF-45BB-9465-4B8FADD7CC2E}.Debug|x86.ActiveCfg = Debug|iPhone
		{BC32AD31-B8CF-45BB-9465-4B8FADD7CC2E}.Release|Any CPU.ActiveCfg = Release|iPhone
		{BC32AD31-B8CF-45BB-9465-4B8FADD7CC2E}.Release|ARM.ActiveCfg = Release|iPhone
		{BC32AD31-B8CF-45BB-9465-4B8FADD7CC2E}.Release|iPhone.ActiveCfg = Release|iPhone
		{BC32AD31-B8CF-45BB-9465-4B8FADD7CC2E}.Release|iPhone.Build.0 = Release|iPhone
		{BC32AD31-B8CF-45BB-9465-4B8FADD7CC2E}.Release|iPhoneSimulator.ActiveCfg = Release|iPhoneSimulator
		{BC32AD31-B8CF-45BB-9465-4B8FADD7CC2E}.Release|iPhoneSimulator.Build.0 = Release|iPhoneSimulator
		{BC32AD31-B8CF-45BB-9465-4B8FADD7CC2E}.Release|x64.ActiveCfg = Release|iPhone
		{BC32AD31-B8CF-45BB-9465-4B8FADD7CC2E}.Release|x86.ActiveCfg = Release|iPhone
	EndGlobalSection
	GlobalSection(SolutionProperties) = preSolution
		HideSolutionNode = FALSE
	EndGlobalSection
	GlobalSection(ExtensibilityGlobals) = postSolution
		SolutionGuid = {84CA3476-770A-4BC7-978E-FC74EE0FE7C8}
	EndGlobalSection
EndGlobal
